// !$*UTF8*$!
{
	archiveVersion = 1;
	classes = {
	};
	objectVersion = 46;
	objects = {

/* Begin PBXBuildFile section */
		03F803221B98AD1600A5A7FA /* AppDelegate.swift in Sources */ = {isa = PBXBuildFile; fileRef = 03F803211B98AD1600A5A7FA /* AppDelegate.swift */; };
		03F803241B98AD1600A5A7FA /* ViewController.swift in Sources */ = {isa = PBXBuildFile; fileRef = 03F803231B98AD1600A5A7FA /* ViewController.swift */; };
		03F803271B98AD1600A5A7FA /* Main.storyboard in Resources */ = {isa = PBXBuildFile; fileRef = 03F803251B98AD1600A5A7FA /* Main.storyboard */; };
		03F803291B98AD1600A5A7FA /* Images.xcassets in Resources */ = {isa = PBXBuildFile; fileRef = 03F803281B98AD1600A5A7FA /* Images.xcassets */; };
		03F8032C1B98AD1600A5A7FA /* LaunchScreen.xib in Resources */ = {isa = PBXBuildFile; fileRef = 03F8032A1B98AD1600A5A7FA /* LaunchScreen.xib */; };
		03F803381B98AD1600A5A7FA /* class_09_03Tests.swift in Sources */ = {isa = PBXBuildFile; fileRef = 03F803371B98AD1600A5A7FA /* class_09_03Tests.swift */; };
/* End PBXBuildFile section */

/* Begin PBXContainerItemProxy section */
		03F803321B98AD1600A5A7FA /* PBXContainerItemProxy */ = {
			isa = PBXContainerItemProxy;
			containerPortal = 03F803141B98AD1600A5A7FA /* Project object */;
			proxyType = 1;
			remoteGlobalIDString = 03F8031B1B98AD1600A5A7FA;
			remoteInfo = class_09_03;
		};
/* End PBXContainerItemProxy section */

/* Begin PBXFileReference section */
		03F8031C1B98AD1600A5A7FA /* class_09_03.app */ = {isa = PBXFileReference; explicitFileType = wrapper.application; includeInIndex = 0; path = class_09_03.app; sourceTree = BUILT_PRODUCTS_DIR; };
		03F803201B98AD1600A5A7FA /* Info.plist */ = {isa = PBXFileReference; lastKnownFileType = text.plist.xml; path = Info.plist; sourceTree = "<group>"; };
		03F803211B98AD1600A5A7FA /* AppDelegate.swift */ = {isa = PBXFileReference; lastKnownFileType = sourcecode.swift; path = AppDelegate.swift; sourceTree = "<group>"; };
		03F803231B98AD1600A5A7FA /* ViewController.swift */ = {isa = PBXFileReference; lastKnownFileType = sourcecode.swift; path = ViewController.swift; sourceTree = "<group>"; };
		03F803261B98AD1600A5A7FA /* Base */ = {isa = PBXFileReference; lastKnownFileType = file.storyboard; name = Base; path = Base.lproj/Main.storyboard; sourceTree = "<group>"; };
		03F803281B98AD1600A5A7FA /* Images.xcassets */ = {isa = PBXFileReference; lastKnownFileType = folder.assetcatalog; path = Images.xcassets; sourceTree = "<group>"; };
		03F8032B1B98AD1600A5A7FA /* Base */ = {isa = PBXFileReference; lastKnownFileType = file.xib; name = Base; path = Base.lproj/LaunchScreen.xib; sourceTree = "<group>"; };
		03F803311B98AD1600A5A7FA /* class_09_03Tests.xctest */ = {isa = PBXFileReference; explicitFileType = wrapper.cfbundle; includeInIndex = 0; path = class_09_03Tests.xctest; sourceTree = BUILT_PRODUCTS_DIR; };
		03F803361B98AD1600A5A7FA /* Info.plist */ = {isa = PBXFileReference; lastKnownFileType = text.plist.xml; path = Info.plist; sourceTree = "<group>"; };
		03F803371B98AD1600A5A7FA /* class_09_03Tests.swift */ = {isa = PBXFileReference; lastKnownFileType = sourcecode.swift; path = class_09_03Tests.swift; sourceTree = "<group>"; };
/* End PBXFileReference section */

/* Begin PBXFrameworksBuildPhase section */
		03F803191B98AD1600A5A7FA /* Frameworks */ = {
			isa = PBXFrameworksBuildPhase;
			buildActionMask = 2147483647;
			files = (
			);
			runOnlyForDeploymentPostprocessing = 0;
		};
		03F8032E1B98AD1600A5A7FA /* Frameworks */ = {
			isa = PBXFrameworksBuildPhase;
			buildActionMask = 2147483647;
			files = (
			);
			runOnlyForDeploymentPostprocessing = 0;
		};
/* End PBXFrameworksBuildPhase section */

/* Begin PBXGroup section */
		03F803131B98AD1600A5A7FA = {
			isa = PBXGroup;
			children = (
				03F8031E1B98AD1600A5A7FA /* class_09_03 */,
				03F803341B98AD1600A5A7FA /* class_09_03Tests */,
				03F8031D1B98AD1600A5A7FA /* Products */,
			);
			sourceTree = "<group>";
		};
		03F8031D1B98AD1600A5A7FA /* Products */ = {
			isa = PBXGroup;
			children = (
				03F8031C1B98AD1600A5A7FA /* class_09_03.app */,
				03F803311B98AD1600A5A7FA /* class_09_03Tests.xctest */,
			);
			name = Products;
			sourceTree = "<group>";
		};
		03F8031E1B98AD1600A5A7FA /* class_09_03 */ = {
			isa = PBXGroup;
			children = (
				03F803211B98AD1600A5A7FA /* AppDelegate.swift */,
				03F803231B98AD1600A5A7FA /* ViewController.swift */,
				03F803251B98AD1600A5A7FA /* Main.storyboard */,
				03F803281B98AD1600A5A7FA /* Images.xcassets */,
				03F8032A1B98AD1600A5A7FA /* LaunchScreen.xib */,
				03F8031F1B98AD1600A5A7FA /* Supporting Files */,
			);
			path = class_09_03;
			sourceTree = "<group>";
		};
		03F8031F1B98AD1600A5A7FA /* Supporting Files */ = {
			isa = PBXGroup;
			children = (
				03F803201B98AD1600A5A7FA /* Info.plist */,
			);
			name = "Supporting Files";
			sourceTree = "<group>";
		};
		03F803341B98AD1600A5A7FA /* class_09_03Tests */ = {
			isa = PBXGroup;
			children = (
				03F803371B98AD1600A5A7FA /* class_09_03Tests.swift */,
				03F803351B98AD1600A5A7FA /* Supporting Files */,
			);
			path = class_09_03Tests;
			sourceTree = "<group>";
		};
		03F803351B98AD1600A5A7FA /* Supporting Files */ = {
			isa = PBXGroup;
			children = (
				03F803361B98AD1600A5A7FA /* Info.plist */,
			);
			name = "Supporting Files";
			sourceTree = "<group>";
		};
/* End PBXGroup section */

/* Begin PBXNativeTarget section */
		03F8031B1B98AD1600A5A7FA /* class_09_03 */ = {
			isa = PBXNativeTarget;
			buildConfigurationList = 03F8033B1B98AD1600A5A7FA /* Build configuration list for PBXNativeTarget "class_09_03" */;
			buildPhases = (
				03F803181B98AD1600A5A7FA /* Sources */,
				03F803191B98AD1600A5A7FA /* Frameworks */,
				03F8031A1B98AD1600A5A7FA /* Resources */,
			);
			buildRules = (
			);
			dependencies = (
			);
			name = class_09_03;
			productName = class_09_03;
			productReference = 03F8031C1B98AD1600A5A7FA /* class_09_03.app */;
			productType = "com.apple.product-type.application";
		};
		03F803301B98AD1600A5A7FA /* class_09_03Tests */ = {
			isa = PBXNativeTarget;
			buildConfigurationList = 03F8033E1B98AD1600A5A7FA /* Build configuration list for PBXNativeTarget "class_09_03Tests" */;
			buildPhases = (
				03F8032D1B98AD1600A5A7FA /* Sources */,
				03F8032E1B98AD1600A5A7FA /* Frameworks */,
				03F8032F1B98AD1600A5A7FA /* Resources */,
			);
			buildRules = (
			);
			dependencies = (
				03F803331B98AD1600A5A7FA /* PBXTargetDependency */,
			);
			name = class_09_03Tests;
			productName = class_09_03Tests;
			productReference = 03F803311B98AD1600A5A7FA /* class_09_03Tests.xctest */;
			productType = "com.apple.product-type.bundle.unit-test";
		};
/* End PBXNativeTarget section */

/* Begin PBXProject section */
		03F803141B98AD1600A5A7FA /* Project object */ = {
			isa = PBXProject;
			attributes = {
				LastUpgradeCheck = 0630;
				ORGANIZATIONNAME = "Brittany Ann Kos";
				TargetAttributes = {
					03F8031B1B98AD1600A5A7FA = {
						CreatedOnToolsVersion = 6.3.2;
					};
					03F803301B98AD1600A5A7FA = {
						CreatedOnToolsVersion = 6.3.2;
						TestTargetID = 03F8031B1B98AD1600A5A7FA;
					};
				};
			};
			buildConfigurationList = 03F803171B98AD1600A5A7FA /* Build configuration list for PBXProject "class_09_03" */;
			compatibilityVersion = "Xcode 3.2";
			developmentRegion = English;
			hasScannedForEncodings = 0;
			knownRegions = (
				en,
				Base,
			);
			mainGroup = 03F803131B98AD1600A5A7FA;
			productRefGroup = 03F8031D1B98AD1600A5A7FA /* Products */;
			projectDirPath = "";
			projectRoot = "";
			targets = (
				03F8031B1B98AD1600A5A7FA /* class_09_03 */,
				03F803301B98AD1600A5A7FA /* class_09_03Tests */,
			);
		};
/* End PBXProject section */

/* Begin PBXResourcesBuildPhase section */
		03F8031A1B98AD1600A5A7FA /* Resources */ = {
			isa = PBXResourcesBuildPhase;
			buildActionMask = 2147483647;
			files = (
				03F803271B98AD1600A5A7FA /* Main.storyboard in Resources */,
				03F8032C1B98AD1600A5A7FA /* LaunchScreen.xib in Resources */,
				03F803291B98AD1600A5A7FA /* Images.xcassets in Resources */,
			);
			runOnlyForDeploymentPostprocessing = 0;
		};
		03F8032F1B98AD1600A5A7FA /* Resources */ = {
			isa = PBXResourcesBuildPhase;
			buildActionMask = 2147483647;
			files = (
			);
			runOnlyForDeploymentPostprocessing = 0;
		};
/* End PBXResourcesBuildPhase section */

/* Begin PBXSourcesBuildPhase section */
		03F803181B98AD1600A5A7FA /* Sources */ = {
			isa = PBXSourcesBuildPhase;
			buildActionMask = 2147483647;
			files = (
				03F803241B98AD1600A5A7FA /* ViewController.swift in Sources */,
				03F803221B98AD1600A5A7FA /* AppDelegate.swift in Sources */,
			);
			runOnlyForDeploymentPostprocessing = 0;
		};
		03F8032D1B98AD1600A5A7FA /* Sources */ = {
			isa = PBXSourcesBuildPhase;
			buildActionMask = 2147483647;
			files = (
				03F803381B98AD1600A5A7FA /* class_09_03Tests.swift in Sources */,
			);
			runOnlyForDeploymentPostprocessing = 0;
		};
/* End PBXSourcesBuildPhase section */

/* Begin PBXTargetDependency section */
		03F803331B98AD1600A5A7FA /* PBXTargetDependency */ = {
			isa = PBXTargetDependency;
			target = 03F8031B1B98AD1600A5A7FA /* class_09_03 */;
			targetProxy = 03F803321B98AD1600A5A7FA /* PBXContainerItemProxy */;
		};
/* End PBXTargetDependency section */

/* Begin PBXVariantGroup section */
		03F803251B98AD1600A5A7FA /* Main.storyboard */ = {
			isa = PBXVariantGroup;
			children = (
				03F803261B98AD1600A5A7FA /* Base */,
			);
			name = Main.storyboard;
			sourceTree = "<group>";
		};
		03F8032A1B98AD1600A5A7FA /* LaunchScreen.xib */ = {
			isa = PBXVariantGroup;
			children = (
				03F8032B1B98AD1600A5A7FA /* Base */,
			);
			name = LaunchScreen.xib;
			sourceTree = "<group>";
		};
/* End PBXVariantGroup section */

/* Begin XCBuildConfiguration section */
		03F803391B98AD1600A5A7FA /* Debug */ = {
			isa = XCBuildConfiguration;
			buildSettings = {
				ALWAYS_SEARCH_USER_PATHS = NO;
				CLANG_CXX_LANGUAGE_STANDARD = "gnu++0x";
				CLANG_CXX_LIBRARY = "libc++";
				CLANG_ENABLE_MODULES = YES;
				CLANG_ENABLE_OBJC_ARC = YES;
				CLANG_WARN_BOOL_CONVERSION = YES;
				CLANG_WARN_CONSTANT_CONVERSION = YES;
				CLANG_WARN_DIRECT_OBJC_ISA_USAGE = YES_ERROR;
				CLANG_WARN_EMPTY_BODY = YES;
				CLANG_WARN_ENUM_CONVERSION = YES;
				CLANG_WARN_INT_CONVERSION = YES;
				CLANG_WARN_OBJC_ROOT_CLASS = YES_ERROR;
				CLANG_WARN_UNREACHABLE_CODE = YES;
				CLANG_WARN__DUPLICATE_METHOD_MATCH = YES;
				"CODE_SIGN_IDENTITY[sdk=iphoneos*]" = "iPhone Developer";
				COPY_PHASE_STRIP = NO;
				DEBUG_INFORMATION_FORMAT = "dwarf-with-dsym";
				ENABLE_STRICT_OBJC_MSGSEND = YES;
				GCC_C_LANGUAGE_STANDARD = gnu99;
				GCC_DYNAMIC_NO_PIC = NO;
				GCC_NO_COMMON_BLOCKS = YES;
				GCC_OPTIMIZATION_LEVEL = 0;
				GCC_PREPROCESSOR_DEFINITIONS = (
					"DEBUG=1",
					"$(inherited)",
				);
				GCC_SYMBOLS_PRIVATE_EXTERN = NO;
				GCC_WARN_64_TO_32_BIT_CONVERSION = YES;
				GCC_WARN_ABOUT_RETURN_TYPE = YES_ERROR;
				GCC_WARN_UNDECLARED_SELECTOR = YES;
				GCC_WARN_UNINITIALIZED_AUTOS = YES_AGGRESSIVE;
				GCC_WARN_UNUSED_FUNCTION = YES;
				GCC_WARN_UNUSED_VARIABLE = YES;
				IPHONEOS_DEPLOYMENT_TARGET = 8.3;
				MTL_ENABLE_DEBUG_INFO = YES;
				ONLY_ACTIVE_ARCH = YES;
				SDKROOT = iphoneos;
				SWIFT_OPTIMIZATION_LEVEL = "-Onone";
			};
			name = Debug;
		};
		03F8033A1B98AD1600A5A7FA /* Release */ = {
			isa = XCBuildConfiguration;
			buildSettings = {
				ALWAYS_SEARCH_USER_PATHS = NO;
				CLANG_CXX_LANGUAGE_STANDARD = "gnu++0x";
				CLANG_CXX_LIBRARY = "libc++";
				CLANG_ENABLE_MODULES = YES;
				CLANG_ENABLE_OBJC_ARC = YES;
				CLANG_WARN_BOOL_CONVERSION = YES;
				CLANG_WARN_CONSTANT_CONVERSION = YES;
				CLANG_WARN_DIRECT_OBJC_ISA_USAGE = YES_ERROR;
				CLANG_WARN_EMPTY_BODY = YES;
				CLANG_WARN_ENUM_CONVERSION = YES;
				CLANG_WARN_INT_CONVERSION = YES;
				CLANG_WARN_OBJC_ROOT_CLASS = YES_ERROR;
				CLANG_WARN_UNREACHABLE_CODE = YES;
				CLANG_WARN__DUPLICATE_METHOD_MATCH = YES;
				"CODE_SIGN_IDENTITY[sdk=iphoneos*]" = "iPhone Developer";
				COPY_PHASE_STRIP = NO;
				DEBUG_INFORMATION_FORMAT = "dwarf-with-dsym";
				ENABLE_NS_ASSERTIONS = NO;
				ENABLE_STRICT_OBJC_MSGSEND = YES;
				GCC_C_LANGUAGE_STANDARD = gnu99;
				GCC_NO_COMMON_BLOCKS = YES;
				GCC_WARN_64_TO_32_BIT_CONVERSION = YES;
				GCC_WARN_ABOUT_RETURN_TYPE = YES_ERROR;
				GCC_WARN_UNDECLARED_SELECTOR = YES;
				GCC_WARN_UNINITIALIZED_AUTOS = YES_AGGRESSIVE;
				GCC_WARN_UNUSED_FUNCTION = YES;
				GCC_WARN_UNUSED_VARIABLE = YES;
				IPHONEOS_DEPLOYMENT_TARGET = 8.3;
				MTL_ENABLE_DEBUG_INFO = NO;
				SDKROOT = iphoneos;
				VALIDATE_PRODUCT = YES;
			};
			name = Release;
		};
		03F8033C1B98AD1600A5A7FA /* Debug */ = {
			isa = XCBuildConfiguration;
			buildSettings = {
				ASSETCATALOG_COMPILER_APPICON_NAME = AppIcon;
				INFOPLIST_FILE = class_09_03/Info.plist;
				LD_RUNPATH_SEARCH_PATHS = "$(inherited) @executable_path/Frameworks";
				PRODUCT_NAME = "$(TARGET_NAME)";
			};
			name = Debug;
		};
		03F8033D1B98AD1600A5A7FA /* Release */ = {
			isa = XCBuildConfiguration;
			buildSettings = {
				ASSETCATALOG_COMPILER_APPICON_NAME = AppIcon;
				INFOPLIST_FILE = class_09_03/Info.plist;
				LD_RUNPATH_SEARCH_PATHS = "$(inherited) @executable_path/Frameworks";
				PRODUCT_NAME = "$(TARGET_NAME)";
			};
			name = Release;
		};
		03F8033F1B98AD1600A5A7FA /* Debug */ = {
			isa = XCBuildConfiguration;
			buildSettings = {
				BUNDLE_LOADER = "$(TEST_HOST)";
				FRAMEWORK_SEARCH_PATHS = (
					"$(SDKROOT)/Developer/Library/Frameworks",
					"$(inherited)",
				);
				GCC_PREPROCESSOR_DEFINITIONS = (
					"DEBUG=1",
					"$(inherited)",
				);
				INFOPLIST_FILE = class_09_03Tests/Info.plist;
				LD_RUNPATH_SEARCH_PATHS = "$(inherited) @executable_path/Frameworks @loader_path/Frameworks";
				PRODUCT_NAME = "$(TARGET_NAME)";
				TEST_HOST = "$(BUILT_PRODUCTS_DIR)/class_09_03.app/class_09_03";
			};
			name = Debug;
		};
		03F803401B98AD1600A5A7FA /* Release */ = {
			isa = XCBuildConfiguration;
			buildSettings = {
				BUNDLE_LOADER = "$(TEST_HOST)";
				FRAMEWORK_SEARCH_PATHS = (
					"$(SDKROOT)/Developer/Library/Frameworks",
					"$(inherited)",
				);
				INFOPLIST_FILE = class_09_03Tests/Info.plist;
				LD_RUNPATH_SEARCH_PATHS = "$(inherited) @executable_path/Frameworks @loader_path/Frameworks";
				PRODUCT_NAME = "$(TARGET_NAME)";
				TEST_HOST = "$(BUILT_PRODUCTS_DIR)/class_09_03.app/class_09_03";
			};
			name = Release;
		};
/* End XCBuildConfiguration section */

/* Begin XCConfigurationList section */
		03F803171B98AD1600A5A7FA /* Build configuration list for PBXProject "class_09_03" */ = {
			isa = XCConfigurationList;
			buildConfigurations = (
				03F803391B98AD1600A5A7FA /* Debug */,
				03F8033A1B98AD1600A5A7FA /* Release */,
			);
			defaultConfigurationIsVisible = 0;
			defaultConfigurationName = Release;
		};
		03F8033B1B98AD1600A5A7FA /* Build configuration list for PBXNativeTarget "class_09_03" */ = {
			isa = XCConfigurationList;
			buildConfigurations = (
				03F8033C1B98AD1600A5A7FA /* Debug */,
				03F8033D1B98AD1600A5A7FA /* Release */,
			);
			defaultConfigurationIsVisible = 0;
			defaultConfigurationName = Release;
		};
		03F8033E1B98AD1600A5A7FA /* Build configuration list for PBXNativeTarget "class_09_03Tests" */ = {
			isa = XCConfigurationList;
			buildConfigurations = (
				03F8033F1B98AD1600A5A7FA /* Debug */,
				03F803401B98AD1600A5A7FA /* Release */,
			);
			defaultConfigurationIsVisible = 0;
			defaultConfigurationName = Release;
		};
/* End XCConfigurationList section */
	};
	rootObject = 03F803141B98AD1600A5A7FA /* Project object */;
}
